{
    "_meta": {
        "hash": {
            "sha256": "f233c95acb9d4b4a4ac101e7c08ab022f6247ec3e1341eb74a15972a204ee6b1"
        },
        "pipfile-spec": 6,
        "requires": {
            "python_version": "3.7"
        },
        "sources": [
            {
                "name": "pypi",
                "url": "https://pypi.org/simple",
                "verify_ssl": true
            }
        ]
    },
    "default": {
        "bullet": {
            "hashes": [
                "sha256:7fc493c1c375a735a7cdb0bd9d6538336ba3085ef1426823a1cd43bebcdfe856",
                "sha256:ee38418aab6ad282bfc3594b8afa2594c012927641f7b2100e18b448c4cb3f1b"
            ],
            "index": "pypi",
            "version": "==2.1.0"
        },
        "click": {
            "hashes": [
                "sha256:2335065e6395b9e67ca716de5f7526736bfa6ceead690adf616d925bdc622b13",
                "sha256:5b94b49521f6456670fdb30cd82a4eca9412788a93fa6dd6df72c94d5a8ff2d7"
            ],
            "index": "pypi",
            "version": "==7.0"
        }
    },
    "develop": {}
}
